
Microsoft Visual Studio Solution File, Format Version 12.00
# Visual Studio Version 17
VisualStudioVersion = 17.4.33213.308
MinimumVisualStudioVersion = 10.0.40219.1
Project("{FAE04EC0-301F-11D3-BF4B-00C04F79EFBC}") = "WebApplication1", "WebApplication1\WebApplication1.csproj", "{2EF76AB6-1B6B-409F-B767-27CCEE71545D}"
EndProject
Global
	GlobalSection(SolutionConfigurationPlatforms) = preSolution
		Debug|Any CPU = Debug|Any CPU
		Release|Any CPU = Release|Any CPU
	EndGlobalSection
	GlobalSection(ProjectConfigurationPlatforms) = postSolution
		{2EF76AB6-1B6B-409F-B767-27CCEE71545D}.Debug|Any CPU.ActiveCfg = Debug|Any CPU
		{2EF76AB6-1B6B-409F-B767-27CCEE71545D}.Debug|Any CPU.Build.0 = Debug|Any CPU
		{2EF76AB6-1B6B-409F-B767-27CCEE71545D}.Release|Any CPU.ActiveCfg = Release|Any CPU
		{2EF76AB6-1B6B-409F-B767-27CCEE71545D}.Release|Any CPU.Build.0 = Release|Any CPU
	EndGlobalSection
	GlobalSection(SolutionProperties) = preSolution
		HideSolutionNode = FALSE
	EndGlobalSection
	GlobalSection(ExtensibilityGlobals) = postSolution
		SolutionGuid = {619D6AB6-EFF1-45C9-8E02-41F113D0DDBE}
	EndGlobalSection
EndGlobal
